{
  "name": "criando_um_hook_de_carrinho_de_compras",
  "version": "0.1.0",
  "lockfileVersion": 1,
  "requires": true,
  "dependencies": {
    "core-js": {
      "version": "3.16.4",
      "resolved": "https://registry.npmjs.org/core-js/-/core-js-3.16.4.tgz",
      "integrity": "sha512-Tq4GVE6XCjE+hcyW6hPy0ofN3hwtLudz5ZRdrlCnsnD/xkm/PWQRudzYHiKgZKUcefV6Q57fhDHjZHJP5dpfSg=="
    },
    "yarn": {
      "version": "1.22.11",
      "resolved": "https://registry.npmjs.org/yarn/-/yarn-1.22.11.tgz",
      "integrity": "sha512-AWje4bzqO9RUn3sdnM5N8n4ZJ0BqCc/kqFJvpOI5/EVkINXui0yuvU7NDCEF//+WaxHuNay2uOHxA4+tq1P3cg=="
    }
  }
}
